
Microsoft Visual Studio Solution File, Format Version 12.00
# Visual Studio Version 16
VisualStudioVersion = 16.0.28729.10
MinimumVisualStudioVersion = 10.0.40219.1
Project("{FAE04EC0-301F-11D3-BF4B-00C04F79EFBC}") = "TestCRUDReact", "TestCRUDReact\TestCRUDReact.csproj", "{742854FC-352E-4FD5-872E-8FCD95AB2DC1}"
EndProject
Global
	GlobalSection(SolutionConfigurationPlatforms) = preSolution
		Debug|Any CPU = Debug|Any CPU
		Release|Any CPU = Release|Any CPU
	EndGlobalSection
	GlobalSection(ProjectConfigurationPlatforms) = postSolution
		{742854FC-352E-4FD5-872E-8FCD95AB2DC1}.Debug|Any CPU.ActiveCfg = Debug|Any CPU
		{742854FC-352E-4FD5-872E-8FCD95AB2DC1}.Debug|Any CPU.Build.0 = Debug|Any CPU
		{742854FC-352E-4FD5-872E-8FCD95AB2DC1}.Release|Any CPU.ActiveCfg = Release|Any CPU
		{742854FC-352E-4FD5-872E-8FCD95AB2DC1}.Release|Any CPU.Build.0 = Release|Any CPU
	EndGlobalSection
	GlobalSection(SolutionProperties) = preSolution
		HideSolutionNode = FALSE
	EndGlobalSection
	GlobalSection(ExtensibilityGlobals) = postSolution
		SolutionGuid = {595D927A-631F-46D7-8599-D71795F8D85A}
	EndGlobalSection
EndGlobal
